hash: c5bf0ca237e3871cc3dd4a659955292cfcc299e6fafc87c82e42e9cc019db444
updated: 2016-08-31T17:34:17.134525735+02:00
imports:
- name: github.com/bborbe/command
  version: c353cc351a3d774eb04a68784bddc0b0af5fad70
  subpackages:
  - adapter
  - list
- name: github.com/bborbe/debian_utils
  version: a46368a77e5a337ee1268485c1d15c6c00414c09
  subpackages:
  - config
  - config_builder
  - config_parser
  - copier
  - latest_package_creator
  - package_creator
  - package_creator_archive
  - package_creator_by_reader
  - tar_gz_extractor
  - zip_extractor
- name: github.com/bborbe/http
  version: addca5fc2e2de1bef39a64990873806e7fc9c0a9
  subpackages:
  - client_builder
  - requestbuilder
- name: github.com/bborbe/io
  version: f014e6fbe9170c0692122497023eedb9d6e53cc2
  subpackages:
  - util
- name: github.com/golang/glog
  version: 23def4e6c14b4da8ac2ed8007337bc5eb5007998
testImports:
- name: github.com/bborbe/assert
  version: 2db035a4c0870f6f48d1955f7b9542f9dbd4fb64
