hash: 48a2f5a64626ef481fedf983e737718bc9d9e42fb1faaf0e03d7cfb7f921e903
updated: 2016-08-24T22:50:35.609007459+02:00
imports:
- name: github.com/bborbe/command
  version: 910fd173982921ca7050433557d169e1414e8f1f
  subpackages:
  - list
  - adapter
- name: github.com/bborbe/debian_utils
  version: 20dd614e025077141e205721b0159b88c03f5fb9
  subpackages:
  - config
  - config_builder
  - config_parser
  - copier
  - latest_package_creator
  - package_creator
  - package_creator_archive
  - package_creator_by_reader
  - tar_gz_extractor
  - zip_extractor
- name: github.com/bborbe/http
  version: ba3b05652664169dbef4c3c1c326db4929b0cec2
  subpackages:
  - client_builder
  - requestbuilder
- name: github.com/bborbe/io
  version: 56d91e8345e4418981a56bc4b8466b4096138f08
  subpackages:
  - buffered_writer
  - util
- name: github.com/bborbe/log
  version: 0250bb5b2e2bd833cb9a47333c28aa46751cdbfe
testImports:
- name: github.com/bborbe/assert
  version: cd6d0ec67c40ced8ca6cf72773b9e4b44420fbd2
