# This file is autogenerated, do not edit; changes may be undone by the next 'dep ensure'.


[[projects]]
  branch = "master"
  name = "github.com/bborbe/assert"
  packages = ["."]
  revision = "765570a0aaf5913880d33fee2dd7e4c52b294021"

[[projects]]
  branch = "master"
  name = "github.com/bborbe/command"
  packages = [
    ".",
    "adapter",
    "list"
  ]
  revision = "af9ac54aca4639785bb29cd273565cc6e7214fee"

[[projects]]
  branch = "master"
  name = "github.com/bborbe/http"
  packages = [
    "client_builder",
    "requestbuilder"
  ]
  revision = "b783a5e87f98911552ef543db3624f3ce52d79c1"

[[projects]]
  branch = "master"
  name = "github.com/bborbe/io"
  packages = ["util"]
  revision = "8c22cf733cf166b247318b0786eec0c7cad9208a"

[[projects]]
  branch = "master"
  name = "github.com/golang/glog"
  packages = ["."]
  revision = "23def4e6c14b4da8ac2ed8007337bc5eb5007998"

[[projects]]
  branch = "master"
  name = "github.com/seibert-media/debian-utils"
  packages = [
    "config",
    "config_builder",
    "config_parser",
    "copier",
    "latest_package_creator",
    "package_creator",
    "package_creator_archive",
    "package_creator_by_reader",
    "tar_gz_extractor",
    "zip_extractor"
  ]
  revision = "8404fcacd7ab02dca6e446b84ea9104346b8f8d2"

[solve-meta]
  analyzer-name = "dep"
  analyzer-version = 1
  inputs-digest = "e9fbcb35900a25848731a7d5623f8fe7d878ad57e995f0137c375aaa8c151d69"
  solver-name = "gps-cdcl"
  solver-version = 1
